
Microsoft Visual Studio Solution File, Format Version 12.00
# Visual Studio Version 17
VisualStudioVersion = 17.2.32526.322
MinimumVisualStudioVersion = 10.0.40219.1
Project("{9A19103F-16F7-4668-BE54-9A1E7A4F7556}") = "Maze.WebApi", "Maze.WebApi\Maze.WebApi.csproj", "{146C4687-A582-4BEF-A50B-266F4E35C3C4}"
EndProject
Project("{9A19103F-16F7-4668-BE54-9A1E7A4F7556}") = "Maze.DAL", "Maze.DAL\Maze.DAL.csproj", "{5466683D-C967-4A5E-BA68-9C2AF97601C5}"
EndProject
Global
	GlobalSection(SolutionConfigurationPlatforms) = preSolution
		Debug|Any CPU = Debug|Any CPU
		Release|Any CPU = Release|Any CPU
	EndGlobalSection
	GlobalSection(ProjectConfigurationPlatforms) = postSolution
		{146C4687-A582-4BEF-A50B-266F4E35C3C4}.Debug|Any CPU.ActiveCfg = Debug|Any CPU
		{146C4687-A582-4BEF-A50B-266F4E35C3C4}.Debug|Any CPU.Build.0 = Debug|Any CPU
		{146C4687-A582-4BEF-A50B-266F4E35C3C4}.Release|Any CPU.ActiveCfg = Release|Any CPU
		{146C4687-A582-4BEF-A50B-266F4E35C3C4}.Release|Any CPU.Build.0 = Release|Any CPU
		{5466683D-C967-4A5E-BA68-9C2AF97601C5}.Debug|Any CPU.ActiveCfg = Debug|Any CPU
		{5466683D-C967-4A5E-BA68-9C2AF97601C5}.Debug|Any CPU.Build.0 = Debug|Any CPU
		{5466683D-C967-4A5E-BA68-9C2AF97601C5}.Release|Any CPU.ActiveCfg = Release|Any CPU
		{5466683D-C967-4A5E-BA68-9C2AF97601C5}.Release|Any CPU.Build.0 = Release|Any CPU
	EndGlobalSection
	GlobalSection(SolutionProperties) = preSolution
		HideSolutionNode = FALSE
	EndGlobalSection
	GlobalSection(ExtensibilityGlobals) = postSolution
		SolutionGuid = {8AA3BC01-F8D7-4F43-9E5C-334E55B0F7E6}
	EndGlobalSection
EndGlobal
